
Microsoft Visual Studio Solution File, Format Version 12.00
# Visual Studio Version 17
VisualStudioVersion = 17.4.33205.214
MinimumVisualStudioVersion = 10.0.40219.1
Project("{FAE04EC0-301F-11D3-BF4B-00C04F79EFBC}") = "ParoleACaso", "ParoleACaso\ParoleACaso.csproj", "{D502BE6A-464A-4848-BE50-AFCE0C055091}"
EndProject
Global
	GlobalSection(SolutionConfigurationPlatforms) = preSolution
		Debug|Any CPU = Debug|Any CPU
		Release|Any CPU = Release|Any CPU
	EndGlobalSection
	GlobalSection(ProjectConfigurationPlatforms) = postSolution
		{D502BE6A-464A-4848-BE50-AFCE0C055091}.Debug|Any CPU.ActiveCfg = Debug|Any CPU
		{D502BE6A-464A-4848-BE50-AFCE0C055091}.Debug|Any CPU.Build.0 = Debug|Any CPU
		{D502BE6A-464A-4848-BE50-AFCE0C055091}.Release|Any CPU.ActiveCfg = Release|Any CPU
		{D502BE6A-464A-4848-BE50-AFCE0C055091}.Release|Any CPU.Build.0 = Release|Any CPU
	EndGlobalSection
	GlobalSection(SolutionProperties) = preSolution
		HideSolutionNode = FALSE
	EndGlobalSection
	GlobalSection(ExtensibilityGlobals) = postSolution
		SolutionGuid = {0E7077C4-7CAF-48E2-A1E5-362FF3DCD93C}
	EndGlobalSection
EndGlobal
